// !$*UTF8*$!
{
	archiveVersion = 1;
	classes = {
	};
	objectVersion = 46;
	objects = {

/* Begin PBXBuildFile section */
		1AB4A9411C15A5E100B7922D /* AppDelegate.m in Sources */ = {isa = PBXBuildFile; fileRef = 1AB4A9401C15A5E100B7922D /* AppDelegate.m */; };
		1AB4A9441C15A5E100B7922D /* main.m in Sources */ = {isa = PBXBuildFile; fileRef = 1AB4A9431C15A5E100B7922D /* main.m */; };
		1AB4A9471C15A5E100B7922D /* ViewController.m in Sources */ = {isa = PBXBuildFile; fileRef = 1AB4A9461C15A5E100B7922D /* ViewController.m */; };
		1AB4A9491C15A5E100B7922D /* Assets.xcassets in Resources */ = {isa = PBXBuildFile; fileRef = 1AB4A9481C15A5E100B7922D /* Assets.xcassets */; };
		1AB4A94C1C15A5E100B7922D /* Main.storyboard in Resources */ = {isa = PBXBuildFile; fileRef = 1AB4A94A1C15A5E100B7922D /* Main.storyboard */; };
		1AB4A95D1C15A7C200B7922D /* MagicMirror.h in Headers */ = {isa = PBXBuildFile; fileRef = 1AB4A95C1C15A7C200B7922D /* MagicMirror.h */; settings = {ATTRIBUTES = (Public, ); }; };
		1AB4A9611C15A7C200B7922D /* MagicMirror.framework in Frameworks */ = {isa = PBXBuildFile; fileRef = 1AB4A95A1C15A7C200B7922D /* MagicMirror.framework */; };
		1AB4A9631C15A7C200B7922D /* MagicMirror.framework in Embed Frameworks */ = {isa = PBXBuildFile; fileRef = 1AB4A95A1C15A7C200B7922D /* MagicMirror.framework */; settings = {ATTRIBUTES = (CodeSignOnCopy, RemoveHeadersOnCopy, ); }; };
		1AB4A9671C15A7D800B7922D /* MagicMirror.m in Sources */ = {isa = PBXBuildFile; fileRef = 1AB4A9371C15A55200B7922D /* MagicMirror.m */; };
		1AB4A96C1C15D52B00B7922D /* MagicMirror.framework in CopyFiles */ = {isa = PBXBuildFile; fileRef = 1AB4A95A1C15A7C200B7922D /* MagicMirror.framework */; };
		1AB4A96E1C15D69800B7922D /* Storyboard.storyboard in Resources */ = {isa = PBXBuildFile; fileRef = 1AB4A96D1C15D69800B7922D /* Storyboard.storyboard */; };
		1AB4A9711C15D7B400B7922D /* MMWindowController.h in Headers */ = {isa = PBXBuildFile; fileRef = 1AB4A96F1C15D7B400B7922D /* MMWindowController.h */; };
		1AB4A9721C15D7B400B7922D /* MMWindowController.m in Sources */ = {isa = PBXBuildFile; fileRef = 1AB4A9701C15D7B400B7922D /* MMWindowController.m */; };
/* End PBXBuildFile section */

/* Begin PBXContainerItemProxy section */
		1AB4A95F1C15A7C200B7922D /* PBXContainerItemProxy */ = {
			isa = PBXContainerItemProxy;
			containerPortal = 1AB4A9221C15A4EE00B7922D /* Project object */;
			proxyType = 1;
			remoteGlobalIDString = 1AB4A9591C15A7C200B7922D;
			remoteInfo = MagicMirror;
		};
/* End PBXContainerItemProxy section */

/* Begin PBXCopyFilesBuildPhase section */
		1AB4A9621C15A7C200B7922D /* Embed Frameworks */ = {
			isa = PBXCopyFilesBuildPhase;
			buildActionMask = 2147483647;
			dstPath = "";
			dstSubfolderSpec = 10;
			files = (
				1AB4A9631C15A7C200B7922D /* MagicMirror.framework in Embed Frameworks */,
			);
			name = "Embed Frameworks";
			runOnlyForDeploymentPostprocessing = 0;
		};
		1AB4A96B1C15D51800B7922D /* CopyFiles */ = {
			isa = PBXCopyFilesBuildPhase;
			buildActionMask = 2147483647;
			dstPath = "$(PROJECT_DIR)/MagicMirror2.sketchplugin/Contents/Resources";
			dstSubfolderSpec = 0;
			files = (
				1AB4A96C1C15D52B00B7922D /* MagicMirror.framework in CopyFiles */,
			);
			runOnlyForDeploymentPostprocessing = 0;
		};
/* End PBXCopyFilesBuildPhase section */

/* Begin PBXFileReference section */
		1AB4A92D1C15A4EE00B7922D /* Info.plist */ = {isa = PBXFileReference; lastKnownFileType = text.plist.xml; path = Info.plist; sourceTree = "<group>"; };
		1AB4A9331C15A51800B7922D /* AppKit.framework */ = {isa = PBXFileReference; lastKnownFileType = wrapper.framework; name = AppKit.framework; path = System/Library/Frameworks/AppKit.framework; sourceTree = SDKROOT; };
		1AB4A9371C15A55200B7922D /* MagicMirror.m */ = {isa = PBXFileReference; fileEncoding = 4; lastKnownFileType = sourcecode.c.objc; name = MagicMirror.m; path = MagicMirror2/MagicMirror.m; sourceTree = SOURCE_ROOT; };
		1AB4A93D1C15A5E100B7922D /* MagicMirrorExecutable.app */ = {isa = PBXFileReference; explicitFileType = wrapper.application; includeInIndex = 0; path = MagicMirrorExecutable.app; sourceTree = BUILT_PRODUCTS_DIR; };
		1AB4A93F1C15A5E100B7922D /* AppDelegate.h */ = {isa = PBXFileReference; lastKnownFileType = sourcecode.c.h; path = AppDelegate.h; sourceTree = "<group>"; };
		1AB4A9401C15A5E100B7922D /* AppDelegate.m */ = {isa = PBXFileReference; lastKnownFileType = sourcecode.c.objc; path = AppDelegate.m; sourceTree = "<group>"; };
		1AB4A9431C15A5E100B7922D /* main.m */ = {isa = PBXFileReference; lastKnownFileType = sourcecode.c.objc; path = main.m; sourceTree = "<group>"; };
		1AB4A9451C15A5E100B7922D /* ViewController.h */ = {isa = PBXFileReference; lastKnownFileType = sourcecode.c.h; path = ViewController.h; sourceTree = "<group>"; };
		1AB4A9461C15A5E100B7922D /* ViewController.m */ = {isa = PBXFileReference; lastKnownFileType = sourcecode.c.objc; path = ViewController.m; sourceTree = "<group>"; };
		1AB4A9481C15A5E100B7922D /* Assets.xcassets */ = {isa = PBXFileReference; lastKnownFileType = folder.assetcatalog; path = Assets.xcassets; sourceTree = "<group>"; };
		1AB4A94B1C15A5E100B7922D /* Base */ = {isa = PBXFileReference; lastKnownFileType = file.storyboard; name = Base; path = Base.lproj/Main.storyboard; sourceTree = "<group>"; };
		1AB4A94D1C15A5E100B7922D /* Info.plist */ = {isa = PBXFileReference; lastKnownFileType = text.plist.xml; path = Info.plist; sourceTree = "<group>"; };
		1AB4A95A1C15A7C200B7922D /* MagicMirror.framework */ = {isa = PBXFileReference; explicitFileType = wrapper.framework; includeInIndex = 0; path = MagicMirror.framework; sourceTree = BUILT_PRODUCTS_DIR; };
		1AB4A95C1C15A7C200B7922D /* MagicMirror.h */ = {isa = PBXFileReference; lastKnownFileType = sourcecode.c.h; path = MagicMirror.h; sourceTree = "<group>"; };
		1AB4A95E1C15A7C200B7922D /* Info.plist */ = {isa = PBXFileReference; lastKnownFileType = text.plist.xml; path = Info.plist; sourceTree = "<group>"; };
		1AB4A96D1C15D69800B7922D /* Storyboard.storyboard */ = {isa = PBXFileReference; fileEncoding = 4; lastKnownFileType = file.storyboard; path = Storyboard.storyboard; sourceTree = "<group>"; };
		1AB4A96F1C15D7B400B7922D /* MMWindowController.h */ = {isa = PBXFileReference; fileEncoding = 4; lastKnownFileType = sourcecode.c.h; path = MMWindowController.h; sourceTree = "<group>"; };
		1AB4A9701C15D7B400B7922D /* MMWindowController.m */ = {isa = PBXFileReference; fileEncoding = 4; lastKnownFileType = sourcecode.c.objc; path = MMWindowController.m; sourceTree = "<group>"; };
		1AB4A9731C15E1B700B7922D /* COScript.h */ = {isa = PBXFileReference; lastKnownFileType = sourcecode.c.h; path = COScript.h; sourceTree = "<group>"; };
/* End PBXFileReference section */

/* Begin PBXFrameworksBuildPhase section */
		1AB4A93A1C15A5E100B7922D /* Frameworks */ = {
			isa = PBXFrameworksBuildPhase;
			buildActionMask = 2147483647;
			files = (
				1AB4A9611C15A7C200B7922D /* MagicMirror.framework in Frameworks */,
			);
			runOnlyForDeploymentPostprocessing = 0;
		};
		1AB4A9561C15A7C200B7922D /* Frameworks */ = {
			isa = PBXFrameworksBuildPhase;
			buildActionMask = 2147483647;
			files = (
			);
			runOnlyForDeploymentPostprocessing = 0;
		};
/* End PBXFrameworksBuildPhase section */

/* Begin PBXGroup section */
		1AB4A9211C15A4EE00B7922D = {
			isa = PBXGroup;
			children = (
				1AB4A93E1C15A5E100B7922D /* MagicMirrorExecutable */,
				1AB4A95B1C15A7C200B7922D /* MagicMirror */,
				1AB4A9351C15A51D00B7922D /* Frameworks */,
				1AB4A92C1C15A4EE00B7922D /* MagicMirror2 */,
				1AB4A92B1C15A4EE00B7922D /* Products */,
			);
			sourceTree = "<group>";
		};
		1AB4A92B1C15A4EE00B7922D /* Products */ = {
			isa = PBXGroup;
			children = (
				1AB4A93D1C15A5E100B7922D /* MagicMirrorExecutable.app */,
				1AB4A95A1C15A7C200B7922D /* MagicMirror.framework */,
			);
			name = Products;
			sourceTree = "<group>";
		};
		1AB4A92C1C15A4EE00B7922D /* MagicMirror2 */ = {
			isa = PBXGroup;
			children = (
				1AB4A92D1C15A4EE00B7922D /* Info.plist */,
			);
			path = MagicMirror2;
			sourceTree = "<group>";
		};
		1AB4A9351C15A51D00B7922D /* Frameworks */ = {
			isa = PBXGroup;
			children = (
				1AB4A9331C15A51800B7922D /* AppKit.framework */,
			);
			name = Frameworks;
			sourceTree = "<group>";
		};
		1AB4A93E1C15A5E100B7922D /* MagicMirrorExecutable */ = {
			isa = PBXGroup;
			children = (
				1AB4A93F1C15A5E100B7922D /* AppDelegate.h */,
				1AB4A9401C15A5E100B7922D /* AppDelegate.m */,
				1AB4A9451C15A5E100B7922D /* ViewController.h */,
				1AB4A9461C15A5E100B7922D /* ViewController.m */,
				1AB4A9481C15A5E100B7922D /* Assets.xcassets */,
				1AB4A94A1C15A5E100B7922D /* Main.storyboard */,
				1AB4A94D1C15A5E100B7922D /* Info.plist */,
				1AB4A9421C15A5E100B7922D /* Supporting Files */,
			);
			path = MagicMirrorExecutable;
			sourceTree = "<group>";
		};
		1AB4A9421C15A5E100B7922D /* Supporting Files */ = {
			isa = PBXGroup;
			children = (
				1AB4A9431C15A5E100B7922D /* main.m */,
			);
			name = "Supporting Files";
			sourceTree = "<group>";
		};
		1AB4A95B1C15A7C200B7922D /* MagicMirror */ = {
			isa = PBXGroup;
			children = (
				1AB4A9731C15E1B700B7922D /* COScript.h */,
				1AB4A95C1C15A7C200B7922D /* MagicMirror.h */,
				1AB4A9371C15A55200B7922D /* MagicMirror.m */,
				1AB4A95E1C15A7C200B7922D /* Info.plist */,
				1AB4A96D1C15D69800B7922D /* Storyboard.storyboard */,
				1AB4A96F1C15D7B400B7922D /* MMWindowController.h */,
				1AB4A9701C15D7B400B7922D /* MMWindowController.m */,
			);
			path = MagicMirror;
			sourceTree = "<group>";
		};
/* End PBXGroup section */

/* Begin PBXHeadersBuildPhase section */
		1AB4A9571C15A7C200B7922D /* Headers */ = {
			isa = PBXHeadersBuildPhase;
			buildActionMask = 2147483647;
			files = (
				1AB4A9711C15D7B400B7922D /* MMWindowController.h in Headers */,
				1AB4A95D1C15A7C200B7922D /* MagicMirror.h in Headers */,
			);
			runOnlyForDeploymentPostprocessing = 0;
		};
/* End PBXHeadersBuildPhase section */

/* Begin PBXNativeTarget section */
		1AB4A93C1C15A5E100B7922D /* MagicMirrorExecutable */ = {
			isa = PBXNativeTarget;
			buildConfigurationList = 1AB4A94E1C15A5E100B7922D /* Build configuration list for PBXNativeTarget "MagicMirrorExecutable" */;
			buildPhases = (
				1AB4A9391C15A5E100B7922D /* Sources */,
				1AB4A93A1C15A5E100B7922D /* Frameworks */,
				1AB4A93B1C15A5E100B7922D /* Resources */,
				1AB4A9621C15A7C200B7922D /* Embed Frameworks */,
			);
			buildRules = (
			);
			dependencies = (
				1AB4A9601C15A7C200B7922D /* PBXTargetDependency */,
			);
			name = MagicMirrorExecutable;
			productName = MagicMirrorExecutable;
			productReference = 1AB4A93D1C15A5E100B7922D /* MagicMirrorExecutable.app */;
			productType = "com.apple.product-type.application";
		};
		1AB4A9591C15A7C200B7922D /* MagicMirror */ = {
			isa = PBXNativeTarget;
			buildConfigurationList = 1AB4A9641C15A7C200B7922D /* Build configuration list for PBXNativeTarget "MagicMirror" */;
			buildPhases = (
				1AB4A9551C15A7C200B7922D /* Sources */,
				1AB4A9561C15A7C200B7922D /* Frameworks */,
				1AB4A9571C15A7C200B7922D /* Headers */,
				1AB4A9581C15A7C200B7922D /* Resources */,
				1AB4A96B1C15D51800B7922D /* CopyFiles */,
			);
			buildRules = (
			);
			dependencies = (
			);
			name = MagicMirror;
			productName = MagicMirror;
			productReference = 1AB4A95A1C15A7C200B7922D /* MagicMirror.framework */;
			productType = "com.apple.product-type.framework";
		};
/* End PBXNativeTarget section */

/* Begin PBXProject section */
		1AB4A9221C15A4EE00B7922D /* Project object */ = {
			isa = PBXProject;
			attributes = {
				LastUpgradeCheck = 0710;
				ORGANIZATIONNAME = "James Tang";
				TargetAttributes = {
					1AB4A93C1C15A5E100B7922D = {
						CreatedOnToolsVersion = 7.1;
					};
					1AB4A9591C15A7C200B7922D = {
						CreatedOnToolsVersion = 7.1;
					};
				};
			};
			buildConfigurationList = 1AB4A9251C15A4EE00B7922D /* Build configuration list for PBXProject "MagicMirror2" */;
			compatibilityVersion = "Xcode 3.2";
			developmentRegion = English;
			hasScannedForEncodings = 0;
			knownRegions = (
				en,
				Base,
			);
			mainGroup = 1AB4A9211C15A4EE00B7922D;
			productRefGroup = 1AB4A92B1C15A4EE00B7922D /* Products */;
			projectDirPath = "";
			projectRoot = "";
			targets = (
				1AB4A93C1C15A5E100B7922D /* MagicMirrorExecutable */,
				1AB4A9591C15A7C200B7922D /* MagicMirror */,
			);
		};
/* End PBXProject section */

/* Begin PBXResourcesBuildPhase section */
		1AB4A93B1C15A5E100B7922D /* Resources */ = {
			isa = PBXResourcesBuildPhase;
			buildActionMask = 2147483647;
			files = (
				1AB4A9491C15A5E100B7922D /* Assets.xcassets in Resources */,
				1AB4A94C1C15A5E100B7922D /* Main.storyboard in Resources */,
			);
			runOnlyForDeploymentPostprocessing = 0;
		};
		1AB4A9581C15A7C200B7922D /* Resources */ = {
			isa = PBXResourcesBuildPhase;
			buildActionMask = 2147483647;
			files = (
				1AB4A96E1C15D69800B7922D /* Storyboard.storyboard in Resources */,
			);
			runOnlyForDeploymentPostprocessing = 0;
		};
/* End PBXResourcesBuildPhase section */

/* Begin PBXSourcesBuildPhase section */
		1AB4A9391C15A5E100B7922D /* Sources */ = {
			isa = PBXSourcesBuildPhase;
			buildActionMask = 2147483647;
			files = (
				1AB4A9471C15A5E100B7922D /* ViewController.m in Sources */,
				1AB4A9441C15A5E100B7922D /* main.m in Sources */,
				1AB4A9411C15A5E100B7922D /* AppDelegate.m in Sources */,
			);
			runOnlyForDeploymentPostprocessing = 0;
		};
		1AB4A9551C15A7C200B7922D /* Sources */ = {
			isa = PBXSourcesBuildPhase;
			buildActionMask = 2147483647;
			files = (
				1AB4A9671C15A7D800B7922D /* MagicMirror.m in Sources */,
				1AB4A9721C15D7B400B7922D /* MMWindowController.m in Sources */,
			);
			runOnlyForDeploymentPostprocessing = 0;
		};
/* End PBXSourcesBuildPhase section */

/* Begin PBXTargetDependency section */
		1AB4A9601C15A7C200B7922D /* PBXTargetDependency */ = {
			isa = PBXTargetDependency;
			target = 1AB4A9591C15A7C200B7922D /* MagicMirror */;
			targetProxy = 1AB4A95F1C15A7C200B7922D /* PBXContainerItemProxy */;
		};
/* End PBXTargetDependency section */

/* Begin PBXVariantGroup section */
		1AB4A94A1C15A5E100B7922D /* Main.storyboard */ = {
			isa = PBXVariantGroup;
			children = (
				1AB4A94B1C15A5E100B7922D /* Base */,
			);
			name = Main.storyboard;
			sourceTree = "<group>";
		};
/* End PBXVariantGroup section */

/* Begin XCBuildConfiguration section */
		1AB4A92E1C15A4EE00B7922D /* Debug */ = {
			isa = XCBuildConfiguration;
			buildSettings = {
				ALWAYS_SEARCH_USER_PATHS = NO;
				CLANG_CXX_LANGUAGE_STANDARD = "gnu++0x";
				CLANG_CXX_LIBRARY = "libc++";
				CLANG_ENABLE_MODULES = YES;
				CLANG_ENABLE_OBJC_ARC = YES;
				CLANG_WARN_BOOL_CONVERSION = YES;
				CLANG_WARN_CONSTANT_CONVERSION = YES;
				CLANG_WARN_DIRECT_OBJC_ISA_USAGE = YES_ERROR;
				CLANG_WARN_EMPTY_BODY = YES;
				CLANG_WARN_ENUM_CONVERSION = YES;
				CLANG_WARN_INT_CONVERSION = YES;
				CLANG_WARN_OBJC_ROOT_CLASS = YES_ERROR;
				CLANG_WARN_UNREACHABLE_CODE = YES;
				CLANG_WARN__DUPLICATE_METHOD_MATCH = YES;
				CODE_SIGN_IDENTITY = "-";
				COPY_PHASE_STRIP = NO;
				DEBUG_INFORMATION_FORMAT = dwarf;
				ENABLE_STRICT_OBJC_MSGSEND = YES;
				ENABLE_TESTABILITY = YES;
				GCC_C_LANGUAGE_STANDARD = gnu99;
				GCC_DYNAMIC_NO_PIC = NO;
				GCC_NO_COMMON_BLOCKS = YES;
				GCC_OPTIMIZATION_LEVEL = 0;
				GCC_PREPROCESSOR_DEFINITIONS = (
					"DEBUG=1",
					"$(inherited)",
				);
				GCC_WARN_64_TO_32_BIT_CONVERSION = YES;
				GCC_WARN_ABOUT_RETURN_TYPE = YES_ERROR;
				GCC_WARN_UNDECLARED_SELECTOR = YES;
				GCC_WARN_UNINITIALIZED_AUTOS = YES_AGGRESSIVE;
				GCC_WARN_UNUSED_FUNCTION = YES;
				GCC_WARN_UNUSED_VARIABLE = YES;
				MACOSX_DEPLOYMENT_TARGET = 10.11;
				MTL_ENABLE_DEBUG_INFO = YES;
				ONLY_ACTIVE_ARCH = YES;
				SDKROOT = macosx;
			};
			name = Debug;
		};
		1AB4A92F1C15A4EE00B7922D /* Release */ = {
			isa = XCBuildConfiguration;
			buildSettings = {
				ALWAYS_SEARCH_USER_PATHS = NO;
				CLANG_CXX_LANGUAGE_STANDARD = "gnu++0x";
				CLANG_CXX_LIBRARY = "libc++";
				CLANG_ENABLE_MODULES = YES;
				CLANG_ENABLE_OBJC_ARC = YES;
				CLANG_WARN_BOOL_CONVERSION = YES;
				CLANG_WARN_CONSTANT_CONVERSION = YES;
				CLANG_WARN_DIRECT_OBJC_ISA_USAGE = YES_ERROR;
				CLANG_WARN_EMPTY_BODY = YES;
				CLANG_WARN_ENUM_CONVERSION = YES;
				CLANG_WARN_INT_CONVERSION = YES;
				CLANG_WARN_OBJC_ROOT_CLASS = YES_ERROR;
				CLANG_WARN_UNREACHABLE_CODE = YES;
				CLANG_WARN__DUPLICATE_METHOD_MATCH = YES;
				CODE_SIGN_IDENTITY = "-";
				COPY_PHASE_STRIP = NO;
				DEBUG_INFORMATION_FORMAT = "dwarf-with-dsym";
				ENABLE_NS_ASSERTIONS = NO;
				ENABLE_STRICT_OBJC_MSGSEND = YES;
				GCC_C_LANGUAGE_STANDARD = gnu99;
				GCC_NO_COMMON_BLOCKS = YES;
				GCC_WARN_64_TO_32_BIT_CONVERSION = YES;
				GCC_WARN_ABOUT_RETURN_TYPE = YES_ERROR;
				GCC_WARN_UNDECLARED_SELECTOR = YES;
				GCC_WARN_UNINITIALIZED_AUTOS = YES_AGGRESSIVE;
				GCC_WARN_UNUSED_FUNCTION = YES;
				GCC_WARN_UNUSED_VARIABLE = YES;
				MACOSX_DEPLOYMENT_TARGET = 10.11;
				MTL_ENABLE_DEBUG_INFO = NO;
				SDKROOT = macosx;
			};
			name = Release;
		};
		1AB4A94F1C15A5E100B7922D /* Debug */ = {
			isa = XCBuildConfiguration;
			buildSettings = {
				ASSETCATALOG_COMPILER_APPICON_NAME = AppIcon;
				COMBINE_HIDPI_IMAGES = YES;
				INFOPLIST_FILE = MagicMirrorExecutable/Info.plist;
				LD_RUNPATH_SEARCH_PATHS = "$(inherited) @executable_path/../Frameworks";
				PRODUCT_BUNDLE_IDENTIFIER = com.jamztang.MagicMirrorExecutable;
				PRODUCT_NAME = "$(TARGET_NAME)";
			};
			name = Debug;
		};
		1AB4A9501C15A5E100B7922D /* Release */ = {
			isa = XCBuildConfiguration;
			buildSettings = {
				ASSETCATALOG_COMPILER_APPICON_NAME = AppIcon;
				COMBINE_HIDPI_IMAGES = YES;
				INFOPLIST_FILE = MagicMirrorExecutable/Info.plist;
				LD_RUNPATH_SEARCH_PATHS = "$(inherited) @executable_path/../Frameworks";
				PRODUCT_BUNDLE_IDENTIFIER = com.jamztang.MagicMirrorExecutable;
				PRODUCT_NAME = "$(TARGET_NAME)";
			};
			name = Release;
		};
		1AB4A9651C15A7C200B7922D /* Debug */ = {
			isa = XCBuildConfiguration;
			buildSettings = {
				COMBINE_HIDPI_IMAGES = YES;
				CURRENT_PROJECT_VERSION = 1;
				DEFINES_MODULE = YES;
				DYLIB_COMPATIBILITY_VERSION = 1;
				DYLIB_CURRENT_VERSION = 1;
				DYLIB_INSTALL_NAME_BASE = "@rpath";
				FRAMEWORK_VERSION = A;
				INFOPLIST_FILE = MagicMirror/Info.plist;
				INSTALL_PATH = "$(LOCAL_LIBRARY_DIR)/Frameworks";
				LD_RUNPATH_SEARCH_PATHS = "$(inherited) @executable_path/../Frameworks @loader_path/Frameworks";
				PRODUCT_BUNDLE_IDENTIFIER = com.jamztang.MagicMirror;
				PRODUCT_NAME = "$(TARGET_NAME)";
				SKIP_INSTALL = YES;
				VERSIONING_SYSTEM = "apple-generic";
				VERSION_INFO_PREFIX = "";
			};
			name = Debug;
		};
		1AB4A9661C15A7C200B7922D /* Release */ = {
			isa = XCBuildConfiguration;
			buildSettings = {
				COMBINE_HIDPI_IMAGES = YES;
				CURRENT_PROJECT_VERSION = 1;
				DEFINES_MODULE = YES;
				DYLIB_COMPATIBILITY_VERSION = 1;
				DYLIB_CURRENT_VERSION = 1;
				DYLIB_INSTALL_NAME_BASE = "@rpath";
				FRAMEWORK_VERSION = A;
				INFOPLIST_FILE = MagicMirror/Info.plist;
				INSTALL_PATH = "$(LOCAL_LIBRARY_DIR)/Frameworks";
				LD_RUNPATH_SEARCH_PATHS = "$(inherited) @executable_path/../Frameworks @loader_path/Frameworks";
				PRODUCT_BUNDLE_IDENTIFIER = com.jamztang.MagicMirror;
				PRODUCT_NAME = "$(TARGET_NAME)";
				SKIP_INSTALL = YES;
				VERSIONING_SYSTEM = "apple-generic";
				VERSION_INFO_PREFIX = "";
			};
			name = Release;
		};
/* End XCBuildConfiguration section */

/* Begin XCConfigurationList section */
		1AB4A9251C15A4EE00B7922D /* Build configuration list for PBXProject "MagicMirror2" */ = {
			isa = XCConfigurationList;
			buildConfigurations = (
				1AB4A92E1C15A4EE00B7922D /* Debug */,
				1AB4A92F1C15A4EE00B7922D /* Release */,
			);
			defaultConfigurationIsVisible = 0;
			defaultConfigurationName = Release;
		};
		1AB4A94E1C15A5E100B7922D /* Build configuration list for PBXNativeTarget "MagicMirrorExecutable" */ = {
			isa = XCConfigurationList;
			buildConfigurations = (
				1AB4A94F1C15A5E100B7922D /* Debug */,
				1AB4A9501C15A5E100B7922D /* Release */,
			);
			defaultConfigurationIsVisible = 0;
			defaultConfigurationName = Release;
		};
		1AB4A9641C15A7C200B7922D /* Build configuration list for PBXNativeTarget "MagicMirror" */ = {
			isa = XCConfigurationList;
			buildConfigurations = (
				1AB4A9651C15A7C200B7922D /* Debug */,
				1AB4A9661C15A7C200B7922D /* Release */,
			);
			defaultConfigurationIsVisible = 0;
			defaultConfigurationName = Release;
		};
/* End XCConfigurationList section */
	};
	rootObject = 1AB4A9221C15A4EE00B7922D /* Project object */;
}
